
Microsoft Visual Studio Solution File, Format Version 12.00
# Visual Studio Version 16
VisualStudioVersion = 16.0.31025.194
MinimumVisualStudioVersion = 10.0.40219.1
Project("{FAE04EC0-301F-11D3-BF4B-00C04F79EFBC}") = "MovieRater", "MovieRater\MovieRater.csproj", "{6A452E0C-CB31-47A0-BCEC-5BCE505A10B2}"
EndProject
Project("{FAE04EC0-301F-11D3-BF4B-00C04F79EFBC}") = "MovieRaterRepo", "MovieRaterRepo\MovieRaterRepo.csproj", "{7EB90361-C783-4EE4-A43B-5354BF4F37BE}"
EndProject
Global
	GlobalSection(SolutionConfigurationPlatforms) = preSolution
		Debug|Any CPU = Debug|Any CPU
		Release|Any CPU = Release|Any CPU
	EndGlobalSection
	GlobalSection(ProjectConfigurationPlatforms) = postSolution
		{6A452E0C-CB31-47A0-BCEC-5BCE505A10B2}.Debug|Any CPU.ActiveCfg = Debug|Any CPU
		{6A452E0C-CB31-47A0-BCEC-5BCE505A10B2}.Debug|Any CPU.Build.0 = Debug|Any CPU
		{6A452E0C-CB31-47A0-BCEC-5BCE505A10B2}.Release|Any CPU.ActiveCfg = Release|Any CPU
		{6A452E0C-CB31-47A0-BCEC-5BCE505A10B2}.Release|Any CPU.Build.0 = Release|Any CPU
		{7EB90361-C783-4EE4-A43B-5354BF4F37BE}.Debug|Any CPU.ActiveCfg = Debug|Any CPU
		{7EB90361-C783-4EE4-A43B-5354BF4F37BE}.Debug|Any CPU.Build.0 = Debug|Any CPU
		{7EB90361-C783-4EE4-A43B-5354BF4F37BE}.Release|Any CPU.ActiveCfg = Release|Any CPU
		{7EB90361-C783-4EE4-A43B-5354BF4F37BE}.Release|Any CPU.Build.0 = Release|Any CPU
	EndGlobalSection
	GlobalSection(SolutionProperties) = preSolution
		HideSolutionNode = FALSE
	EndGlobalSection
	GlobalSection(ExtensibilityGlobals) = postSolution
		SolutionGuid = {2F229DB0-146F-407F-B5E8-9C818EC7FDBD}
	EndGlobalSection
EndGlobal
